<?xml version="1.0" encoding="utf-8"?>
<Project ToolsVersion="4.0" xmlns="http://schemas.microsoft.com/developer/msbuild/2003">
  <ItemGroup>
    <Filter Include="Source Files">
      <UniqueIdentifier>{4FC737F1-C7A5-4376-A066-2A32D752A2FF}</UniqueIdentifier>
      <Extensions>cpp;c;cc;cxx;def;odl;idl;hpj;bat;asm;asmx</Extensions>
    </Filter>
    <Filter Include="Header Files">
      <UniqueIdentifier>{93995380-89BD-4b04-88EB-625FBE52EBFB}</UniqueIdentifier>
      <Extensions>h;hh;hpp;hxx;hm;inl;inc;ipp;xsd</Extensions>
    </Filter>
    <Filter Include="Animation">
      <UniqueIdentifier>{8e2c10f0-0e2d-43ad-a587-e04d06e91047}</UniqueIdentifier>
    </Filter>
    <Filter Include="shaders">
      <UniqueIdentifier>{748bee98-a4e0-45af-82c1-02961f46065d}</UniqueIdentifier>
    </Filter>
    <Filter Include="Inis">
      <UniqueIdentifier>{27e481f0-6c7c-4892-9f52-ccb108b657ea}</UniqueIdentifier>
    </Filter>
  </ItemGroup>
  <ItemGroup>
    <ClCompile Include="Application.cpp">
      <Filter>Source Files</Filter>
    </ClCompile>
    <ClCompile Include="Engine\BaseCamera.cpp">
      <Filter>Source Files</Filter>
    </ClCompile>
    <ClCompile Include="Engine\DebugDrawManager.cpp">
      <Filter>Source Files</Filter>
    </ClCompile>
    <ClCompile Include="Engine\EngineSettings.cpp">
      <Filter>Source Files</Filter>
    </ClCompile>
    <ClCompile Include="Engine\ResourceManager.cpp">
      <Filter>Source Files</Filter>
    </ClCompile>
    <ClCompile Include="Engine\Window.cpp">
      <Filter>Source Files</Filter>
    </ClCompile>
    <ClCompile Include="Engine\libs\imgui\imgui.cpp">
      <Filter>Source Files</Filter>
    </ClCompile>
    <ClCompile Include="Engine\libs\imgui\imgui_demo.cpp">
      <Filter>Source Files</Filter>
    </ClCompile>
    <ClCompile Include="Engine\libs\imgui\imgui_draw.cpp">
      <Filter>Source Files</Filter>
    </ClCompile>
    <ClCompile Include="Engine\libs\imgui\imgui_impl_glfw.cpp">
      <Filter>Source Files</Filter>
    </ClCompile>
    <ClCompile Include="Engine\libs\imgui\imgui_impl_vulkan.cpp">
      <Filter>Source Files</Filter>
    </ClCompile>
    <ClCompile Include="Engine\libs\imgui\imgui_widgets.cpp">
      <Filter>Source Files</Filter>
    </ClCompile>
    <ClCompile Include="Sandbox\Sandbox.cpp">
      <Filter>Source Files</Filter>
    </ClCompile>
    <ClCompile Include="Engine\Scene\Entity.cpp">
      <Filter>Source Files</Filter>
    </ClCompile>
    <ClCompile Include="Engine\Scene\Scene.cpp">
      <Filter>Source Files</Filter>
    </ClCompile>
    <ClCompile Include="Engine\Scene\Componenets\Transform.cpp">
      <Filter>Source Files</Filter>
    </ClCompile>
    <ClCompile Include="Engine\Scene\Componenets\Animator.cpp">
      <Filter>Source Files</Filter>
    </ClCompile>
    <ClCompile Include="Engine\NewRenderer\Renderable.cpp">
      <Filter>Source Files</Filter>
    </ClCompile>
    <ClCompile Include="Engine\libs\vk-bootstrap\VkBootstrap.cpp">
      <Filter>Source Files</Filter>
    </ClCompile>
    <ClCompile Include="Engine\NewRenderer\VkRenderer.cpp">
      <Filter>Source Files</Filter>
    </ClCompile>
    <ClCompile Include="Engine\NewRenderer\vkinit.cpp">
      <Filter>Source Files</Filter>
    </ClCompile>
    <ClCompile Include="Engine\NewRenderer\PipelineBuilder.cpp">
      <Filter>Source Files</Filter>
    </ClCompile>
    <ClCompile Include="Engine\NewRenderer\Textured.cpp">
      <Filter>Source Files</Filter>
    </ClCompile>
    <ClCompile Include="Engine\NewRenderer\UIInterface.cpp">
      <Filter>Source Files</Filter>
    </ClCompile>
    <ClCompile Include="Sandbox\DebugCamera.cpp">
      <Filter>Source Files</Filter>
    </ClCompile>
    <ClCompile Include="Engine\Scene\Componenets\BoneStructure.cpp">
      <Filter>Source Files</Filter>
    </ClCompile>
    <ClCompile Include="Engine\Scene\Componenets\Camera.cpp">
      <Filter>Source Files</Filter>
    </ClCompile>
    <ClCompile Include="Sandbox\CameraController.cpp">
      <Filter>Source Files</Filter>
    </ClCompile>
    <ClCompile Include="Sandbox\FightingGame\Fighter.cpp">
      <Filter>Source Files</Filter>
    </ClCompile>
    <ClCompile Include="Sandbox\FightingGame\FighterFactory.cpp">
      <Filter>Source Files</Filter>
    </ClCompile>
    <ClCompile Include="Sandbox\FightingGame\InputHandler.cpp">
      <Filter>Source Files</Filter>
    </ClCompile>
    <ClCompile Include="Sandbox\FightingGame\FighterCamera.cpp">
      <Filter>Source Files</Filter>
    </ClCompile>
    <ClCompile Include="Engine\libs\imgui\implot\implot.cpp">
      <Filter>Source Files</Filter>
    </ClCompile>
    <ClCompile Include="Engine\libs\imgui\implot\implot_demo.cpp">
      <Filter>Source Files</Filter>
    </ClCompile>
    <ClCompile Include="Engine\libs\imgui\implot\implot_items.cpp">
      <Filter>Source Files</Filter>
    </ClCompile>
  </ItemGroup>
  <ItemGroup>
    <ClInclude Include="Application.h">
      <Filter>Header Files</Filter>
    </ClInclude>
    <ClInclude Include="Engine\BaseCamera.h">
      <Filter>Header Files</Filter>
    </ClInclude>
    <ClInclude Include="Engine\DebugDrawManager.h">
      <Filter>Header Files</Filter>
    </ClInclude>
    <ClInclude Include="Engine\EngineSettings.h">
      <Filter>Header Files</Filter>
    </ClInclude>
    <ClInclude Include="Engine\ResourceManager.h">
      <Filter>Header Files</Filter>
    </ClInclude>
    <ClInclude Include="Engine\Singleton.h">
      <Filter>Header Files</Filter>
    </ClInclude>
    <ClInclude Include="Engine\Vertex.h">
      <Filter>Header Files</Filter>
    </ClInclude>
    <ClInclude Include="Engine\Window.h">
      <Filter>Header Files</Filter>
    </ClInclude>
    <ClInclude Include="Engine\libs\entt\entt.hpp">
      <Filter>Header Files</Filter>
    </ClInclude>
    <ClInclude Include="Engine\libs\imgui\imconfig.h">
      <Filter>Header Files</Filter>
    </ClInclude>
    <ClInclude Include="Engine\libs\imgui\imgui.h">
      <Filter>Header Files</Filter>
    </ClInclude>
    <ClInclude Include="Engine\libs\imgui\imgui_impl_glfw.h">
      <Filter>Header Files</Filter>
    </ClInclude>
    <ClInclude Include="Engine\libs\imgui\imgui_impl_vulkan.h">
      <Filter>Header Files</Filter>
    </ClInclude>
    <ClInclude Include="Engine\libs\imgui\imgui_internal.h">
      <Filter>Header Files</Filter>
    </ClInclude>
    <ClInclude Include="Engine\libs\imgui\imstb_rectpack.h">
      <Filter>Header Files</Filter>
    </ClInclude>
    <ClInclude Include="Engine\libs\imgui\imstb_textedit.h">
      <Filter>Header Files</Filter>
    </ClInclude>
    <ClInclude Include="Engine\libs\imgui\imstb_truetype.h">
      <Filter>Header Files</Filter>
    </ClInclude>
    <ClInclude Include="Sandbox\Sandbox.h">
      <Filter>Header Files</Filter>
    </ClInclude>
    <ClInclude Include="Engine\Scene\Entity.h">
      <Filter>Header Files</Filter>
    </ClInclude>
    <ClInclude Include="Engine\Scene\Scene.h">
      <Filter>Header Files</Filter>
    </ClInclude>
    <ClInclude Include="Engine\Scene\Componenets\Transform.h">
      <Filter>Header Files</Filter>
    </ClInclude>
    <ClInclude Include="Engine\Scene\Componenets\Animator.h">
      <Filter>Header Files</Filter>
    </ClInclude>
    <ClInclude Include="Engine\libs\VulkanMemoryAllocator\vk_mem_alloc.h">
      <Filter>Header Files</Filter>
    </ClInclude>
    <ClInclude Include="Engine\NewRenderer\Renderable.h">
      <Filter>Header Files</Filter>
    </ClInclude>
    <ClInclude Include="Engine\libs\vk-bootstrap\VkBootstrap.h">
      <Filter>Header Files</Filter>
    </ClInclude>
    <ClInclude Include="Engine\NewRenderer\VkTypes.h">
      <Filter>Header Files</Filter>
    </ClInclude>
    <ClInclude Include="Engine\NewRenderer\VkRenderer.h">
      <Filter>Header Files</Filter>
    </ClInclude>
    <ClInclude Include="Engine\NewRenderer\vkinit.h">
      <Filter>Header Files</Filter>
    </ClInclude>
    <ClInclude Include="Engine\NewRenderer\PipelineBuilder.h">
      <Filter>Header Files</Filter>
    </ClInclude>
    <ClInclude Include="Engine\NewRenderer\Textured.h">
      <Filter>Header Files</Filter>
    </ClInclude>
    <ClInclude Include="Engine\NewRenderer\UIInterface.h">
      <Filter>Header Files</Filter>
    </ClInclude>
    <ClInclude Include="Sandbox\DebugCamera.h">
      <Filter>Header Files</Filter>
    </ClInclude>
    <ClInclude Include="Engine\Events.h">
      <Filter>Header Files</Filter>
    </ClInclude>
    <ClInclude Include="Engine\Scene\Componenets\BoneStructure.h">
      <Filter>Header Files</Filter>
    </ClInclude>
    <ClInclude Include="EntryPoint.h">
      <Filter>Header Files</Filter>
    </ClInclude>
    <ClInclude Include="Engine\Scene\Componenets\Camera.h">
      <Filter>Header Files</Filter>
    </ClInclude>
    <ClInclude Include="Sandbox\CameraController.h">
      <Filter>Header Files</Filter>
    </ClInclude>
    <ClInclude Include="Sandbox\FightingGame\Fighter.h">
      <Filter>Header Files</Filter>
    </ClInclude>
    <ClInclude Include="Sandbox\FightingGame\FighterFactory.h">
      <Filter>Header Files</Filter>
    </ClInclude>
    <ClInclude Include="Sandbox\FightingGame\InputHandler.h">
      <Filter>Header Files</Filter>
    </ClInclude>
    <ClInclude Include="Sandbox\FightingGame\FighterCamera.h">
      <Filter>Header Files</Filter>
    </ClInclude>
    <ClInclude Include="Engine\libs\imgui\implot\implot.h">
      <Filter>Header Files</Filter>
    </ClInclude>
    <ClInclude Include="Engine\libs\imgui\implot\implot_internal.h">
      <Filter>Header Files</Filter>
    </ClInclude>
  </ItemGroup>
  <ItemGroup>
    <None Include="shaders\animatedMesh.frag">
      <Filter>shaders</Filter>
    </None>
    <None Include="shaders\animatedMesh.vert">
      <Filter>shaders</Filter>
    </None>
    <None Include="shaders\imgui.frag">
      <Filter>shaders</Filter>
    </None>
    <None Include="shaders\imgui.vert">
      <Filter>shaders</Filter>
    </None>
    <None Include="shaders\shader.frag">
      <Filter>shaders</Filter>
    </None>
    <None Include="shaders\shader.vert">
      <Filter>shaders</Filter>
    </None>
    <None Include="shaders\texturedMeshShader.frag">
      <Filter>shaders</Filter>
    </None>
    <None Include="shaders\texturedMeshShader.vert">
      <Filter>shaders</Filter>
    </None>
    <None Include="Engine\Settings\EngineSettings.ini" />
  </ItemGroup>
</Project>