
Microsoft Visual Studio Solution File, Format Version 12.00
# Visual Studio 15
VisualStudioVersion = 15.0.28307.1082
MinimumVisualStudioVersion = 10.0.40219.1
Project("{8BC9CEB8-8B4A-11D0-8D11-00A0C91BC942}") = "VulkanAnimation", "Project1\VulkanAnimation.vcxproj", "{4451C2FA-6E5B-45E7-AC44-02214EA73C78}"
EndProject
Global
	GlobalSection(SolutionConfigurationPlatforms) = preSolution
		Debug|x64 = Debug|x64
		Debug|x86 = Debug|x86
		Quick|x64 = Quick|x64
		Quick|x86 = Quick|x86
		Release|x64 = Release|x64
		Release|x86 = Release|x86
	EndGlobalSection
	GlobalSection(ProjectConfigurationPlatforms) = postSolution
		{4451C2FA-6E5B-45E7-AC44-02214EA73C78}.Debug|x64.ActiveCfg = Debug|x64
		{4451C2FA-6E5B-45E7-AC44-02214EA73C78}.Debug|x64.Build.0 = Debug|x64
		{4451C2FA-6E5B-45E7-AC44-02214EA73C78}.Debug|x86.ActiveCfg = Debug|Win32
		{4451C2FA-6E5B-45E7-AC44-02214EA73C78}.Debug|x86.Build.0 = Debug|Win32
		{4451C2FA-6E5B-45E7-AC44-02214EA73C78}.Quick|x64.ActiveCfg = Release|x64
		{4451C2FA-6E5B-45E7-AC44-02214EA73C78}.Quick|x64.Build.0 = Release|x64
		{4451C2FA-6E5B-45E7-AC44-02214EA73C78}.Quick|x86.ActiveCfg = Release|Win32
		{4451C2FA-6E5B-45E7-AC44-02214EA73C78}.Quick|x86.Build.0 = Release|Win32
		{4451C2FA-6E5B-45E7-AC44-02214EA73C78}.Release|x64.ActiveCfg = Release|x64
		{4451C2FA-6E5B-45E7-AC44-02214EA73C78}.Release|x64.Build.0 = Release|x64
		{4451C2FA-6E5B-45E7-AC44-02214EA73C78}.Release|x86.ActiveCfg = Release|Win32
		{4451C2FA-6E5B-45E7-AC44-02214EA73C78}.Release|x86.Build.0 = Release|Win32
	EndGlobalSection
	GlobalSection(SolutionProperties) = preSolution
		HideSolutionNode = FALSE
	EndGlobalSection
	GlobalSection(ExtensibilityGlobals) = postSolution
		SolutionGuid = {9A458E5B-B5BB-4605-AC8E-113857B183D3}
	EndGlobalSection
EndGlobal
