
Microsoft Visual Studio Solution File, Format Version 12.00
# Visual Studio 15
VisualStudioVersion = 15.0.28307.1082
MinimumVisualStudioVersion = 10.0.40219.1
Project("{8BC9CEB8-8B4A-11D0-8D11-00A0C91BC942}") = "VulkanAnimation", "Project1\VulkanAnimation.vcxproj", "{4451C2FA-6E5B-45E7-AC44-02214EA73C78}"
EndProject
Project("{8BC9CEB8-8B4A-11D0-8D11-00A0C91BC942}") = "EngineTests", "EngineTests\EngineTests.vcxproj", "{EC97CDD6-010F-4E8F-A8AC-2F6658BAA9CF}"
EndProject
Project("{2150E333-8FDC-42A3-9474-1A3956D46DE8}") = "Solution Items", "Solution Items", "{818A0CF4-CD88-4FF5-9052-F9CD682962C3}"
	ProjectSection(SolutionItems) = preProject
		Performance1.psess = Performance1.psess
		Performance2.psess = Performance2.psess
	EndProjectSection
EndProject
Global
	GlobalSection(SolutionConfigurationPlatforms) = preSolution
		Debug|x64 = Debug|x64
		Debug|x86 = Debug|x86
		Quick|x64 = Quick|x64
		Quick|x86 = Quick|x86
		Release|x64 = Release|x64
		Release|x86 = Release|x86
	EndGlobalSection
	GlobalSection(ProjectConfigurationPlatforms) = postSolution
		{4451C2FA-6E5B-45E7-AC44-02214EA73C78}.Debug|x64.ActiveCfg = Debug|x64
		{4451C2FA-6E5B-45E7-AC44-02214EA73C78}.Debug|x64.Build.0 = Debug|x64
		{4451C2FA-6E5B-45E7-AC44-02214EA73C78}.Debug|x86.ActiveCfg = Debug|Win32
		{4451C2FA-6E5B-45E7-AC44-02214EA73C78}.Debug|x86.Build.0 = Debug|Win32
		{4451C2FA-6E5B-45E7-AC44-02214EA73C78}.Quick|x64.ActiveCfg = Release|x64
		{4451C2FA-6E5B-45E7-AC44-02214EA73C78}.Quick|x64.Build.0 = Release|x64
		{4451C2FA-6E5B-45E7-AC44-02214EA73C78}.Quick|x86.ActiveCfg = Release|Win32
		{4451C2FA-6E5B-45E7-AC44-02214EA73C78}.Quick|x86.Build.0 = Release|Win32
		{4451C2FA-6E5B-45E7-AC44-02214EA73C78}.Release|x64.ActiveCfg = Release|x64
		{4451C2FA-6E5B-45E7-AC44-02214EA73C78}.Release|x64.Build.0 = Release|x64
		{4451C2FA-6E5B-45E7-AC44-02214EA73C78}.Release|x86.ActiveCfg = Release|Win32
		{4451C2FA-6E5B-45E7-AC44-02214EA73C78}.Release|x86.Build.0 = Release|Win32
		{EC97CDD6-010F-4E8F-A8AC-2F6658BAA9CF}.Debug|x64.ActiveCfg = Debug|x64
		{EC97CDD6-010F-4E8F-A8AC-2F6658BAA9CF}.Debug|x86.ActiveCfg = Debug|Win32
		{EC97CDD6-010F-4E8F-A8AC-2F6658BAA9CF}.Debug|x86.Build.0 = Debug|Win32
		{EC97CDD6-010F-4E8F-A8AC-2F6658BAA9CF}.Quick|x64.ActiveCfg = Release|x64
		{EC97CDD6-010F-4E8F-A8AC-2F6658BAA9CF}.Quick|x64.Build.0 = Release|x64
		{EC97CDD6-010F-4E8F-A8AC-2F6658BAA9CF}.Quick|x86.ActiveCfg = Release|Win32
		{EC97CDD6-010F-4E8F-A8AC-2F6658BAA9CF}.Quick|x86.Build.0 = Release|Win32
		{EC97CDD6-010F-4E8F-A8AC-2F6658BAA9CF}.Release|x64.ActiveCfg = Release|x64
		{EC97CDD6-010F-4E8F-A8AC-2F6658BAA9CF}.Release|x64.Build.0 = Release|x64
		{EC97CDD6-010F-4E8F-A8AC-2F6658BAA9CF}.Release|x86.ActiveCfg = Release|Win32
		{EC97CDD6-010F-4E8F-A8AC-2F6658BAA9CF}.Release|x86.Build.0 = Release|Win32
	EndGlobalSection
	GlobalSection(SolutionProperties) = preSolution
		HideSolutionNode = FALSE
	EndGlobalSection
	GlobalSection(ExtensibilityGlobals) = postSolution
		SolutionGuid = {9A458E5B-B5BB-4605-AC8E-113857B183D3}
	EndGlobalSection
	GlobalSection(Performance) = preSolution
		HasPerformanceSessions = true
	EndGlobalSection
	GlobalSection(Performance) = preSolution
		HasPerformanceSessions = true
	EndGlobalSection
EndGlobal
