
Microsoft Visual Studio Solution File, Format Version 12.00
# Visual Studio 15
VisualStudioVersion = 15.0.28307.1082
MinimumVisualStudioVersion = 10.0.40219.1
Project("{2150E333-8FDC-42A3-9474-1A3956D46DE8}") = "Solution Items", "Solution Items", "{818A0CF4-CD88-4FF5-9052-F9CD682962C3}"
	ProjectSection(SolutionItems) = preProject
		Performance1.psess = Performance1.psess
		Performance2.psess = Performance2.psess
	EndProjectSection
EndProject
Project("{8BC9CEB8-8B4A-11D0-8D11-00A0C91BC942}") = "Engine", "GameEngine\GameEngine.vcxproj", "{2BFDCE30-BF3A-491B-950E-30769775D17E}"
EndProject
Project("{8BC9CEB8-8B4A-11D0-8D11-00A0C91BC942}") = "FightingGameClient", "FightingGameClient\FightingGameClient.vcxproj", "{157523D9-807D-4108-940C-96B1E45D2728}"
EndProject
Project("{8BC9CEB8-8B4A-11D0-8D11-00A0C91BC942}") = "FighterCreatorTool", "FighterCreatorTool\FighterCreatorTool.vcxproj", "{245D9342-A15D-47AA-A5F7-93C18B303764}"
EndProject
Project("{8BC9CEB8-8B4A-11D0-8D11-00A0C91BC942}") = "Editor", "Editor\Editor.vcxproj", "{050C140C-45B8-4C98-8A5E-F7ADAED8CE27}"
EndProject
Global
	GlobalSection(SolutionConfigurationPlatforms) = preSolution
		Debug|x64 = Debug|x64
		Debug|x86 = Debug|x86
		Quick|x64 = Quick|x64
		Quick|x86 = Quick|x86
		Release|x64 = Release|x64
		Release|x86 = Release|x86
	EndGlobalSection
	GlobalSection(ProjectConfigurationPlatforms) = postSolution
		{2BFDCE30-BF3A-491B-950E-30769775D17E}.Debug|x64.ActiveCfg = Debug|x64
		{2BFDCE30-BF3A-491B-950E-30769775D17E}.Debug|x64.Build.0 = Debug|x64
		{2BFDCE30-BF3A-491B-950E-30769775D17E}.Debug|x86.ActiveCfg = Debug|Win32
		{2BFDCE30-BF3A-491B-950E-30769775D17E}.Debug|x86.Build.0 = Debug|Win32
		{2BFDCE30-BF3A-491B-950E-30769775D17E}.Quick|x64.ActiveCfg = Release|x64
		{2BFDCE30-BF3A-491B-950E-30769775D17E}.Quick|x64.Build.0 = Release|x64
		{2BFDCE30-BF3A-491B-950E-30769775D17E}.Quick|x86.ActiveCfg = Release|Win32
		{2BFDCE30-BF3A-491B-950E-30769775D17E}.Quick|x86.Build.0 = Release|Win32
		{2BFDCE30-BF3A-491B-950E-30769775D17E}.Release|x64.ActiveCfg = Release|x64
		{2BFDCE30-BF3A-491B-950E-30769775D17E}.Release|x64.Build.0 = Release|x64
		{2BFDCE30-BF3A-491B-950E-30769775D17E}.Release|x86.ActiveCfg = Release|Win32
		{2BFDCE30-BF3A-491B-950E-30769775D17E}.Release|x86.Build.0 = Release|Win32
		{157523D9-807D-4108-940C-96B1E45D2728}.Debug|x64.ActiveCfg = Debug|x64
		{157523D9-807D-4108-940C-96B1E45D2728}.Debug|x64.Build.0 = Debug|x64
		{157523D9-807D-4108-940C-96B1E45D2728}.Debug|x86.ActiveCfg = Debug|Win32
		{157523D9-807D-4108-940C-96B1E45D2728}.Debug|x86.Build.0 = Debug|Win32
		{157523D9-807D-4108-940C-96B1E45D2728}.Quick|x64.ActiveCfg = Release|x64
		{157523D9-807D-4108-940C-96B1E45D2728}.Quick|x64.Build.0 = Release|x64
		{157523D9-807D-4108-940C-96B1E45D2728}.Quick|x86.ActiveCfg = Release|Win32
		{157523D9-807D-4108-940C-96B1E45D2728}.Quick|x86.Build.0 = Release|Win32
		{157523D9-807D-4108-940C-96B1E45D2728}.Release|x64.ActiveCfg = Release|x64
		{157523D9-807D-4108-940C-96B1E45D2728}.Release|x64.Build.0 = Release|x64
		{157523D9-807D-4108-940C-96B1E45D2728}.Release|x86.ActiveCfg = Release|Win32
		{157523D9-807D-4108-940C-96B1E45D2728}.Release|x86.Build.0 = Release|Win32
		{245D9342-A15D-47AA-A5F7-93C18B303764}.Debug|x64.ActiveCfg = Debug|x64
		{245D9342-A15D-47AA-A5F7-93C18B303764}.Debug|x64.Build.0 = Debug|x64
		{245D9342-A15D-47AA-A5F7-93C18B303764}.Debug|x86.ActiveCfg = Debug|Win32
		{245D9342-A15D-47AA-A5F7-93C18B303764}.Debug|x86.Build.0 = Debug|Win32
		{245D9342-A15D-47AA-A5F7-93C18B303764}.Quick|x64.ActiveCfg = Release|x64
		{245D9342-A15D-47AA-A5F7-93C18B303764}.Quick|x64.Build.0 = Release|x64
		{245D9342-A15D-47AA-A5F7-93C18B303764}.Quick|x86.ActiveCfg = Release|Win32
		{245D9342-A15D-47AA-A5F7-93C18B303764}.Quick|x86.Build.0 = Release|Win32
		{245D9342-A15D-47AA-A5F7-93C18B303764}.Release|x64.ActiveCfg = Release|x64
		{245D9342-A15D-47AA-A5F7-93C18B303764}.Release|x64.Build.0 = Release|x64
		{245D9342-A15D-47AA-A5F7-93C18B303764}.Release|x86.ActiveCfg = Release|Win32
		{245D9342-A15D-47AA-A5F7-93C18B303764}.Release|x86.Build.0 = Release|Win32
		{050C140C-45B8-4C98-8A5E-F7ADAED8CE27}.Debug|x64.ActiveCfg = Debug|x64
		{050C140C-45B8-4C98-8A5E-F7ADAED8CE27}.Debug|x64.Build.0 = Debug|x64
		{050C140C-45B8-4C98-8A5E-F7ADAED8CE27}.Debug|x86.ActiveCfg = Debug|Win32
		{050C140C-45B8-4C98-8A5E-F7ADAED8CE27}.Debug|x86.Build.0 = Debug|Win32
		{050C140C-45B8-4C98-8A5E-F7ADAED8CE27}.Quick|x64.ActiveCfg = Release|x64
		{050C140C-45B8-4C98-8A5E-F7ADAED8CE27}.Quick|x64.Build.0 = Release|x64
		{050C140C-45B8-4C98-8A5E-F7ADAED8CE27}.Quick|x86.ActiveCfg = Release|Win32
		{050C140C-45B8-4C98-8A5E-F7ADAED8CE27}.Quick|x86.Build.0 = Release|Win32
		{050C140C-45B8-4C98-8A5E-F7ADAED8CE27}.Release|x64.ActiveCfg = Release|x64
		{050C140C-45B8-4C98-8A5E-F7ADAED8CE27}.Release|x64.Build.0 = Release|x64
		{050C140C-45B8-4C98-8A5E-F7ADAED8CE27}.Release|x86.ActiveCfg = Release|Win32
		{050C140C-45B8-4C98-8A5E-F7ADAED8CE27}.Release|x86.Build.0 = Release|Win32
	EndGlobalSection
	GlobalSection(SolutionProperties) = preSolution
		HideSolutionNode = FALSE
	EndGlobalSection
	GlobalSection(ExtensibilityGlobals) = postSolution
		SolutionGuid = {9A458E5B-B5BB-4605-AC8E-113857B183D3}
	EndGlobalSection
	GlobalSection(Performance) = preSolution
		HasPerformanceSessions = true
	EndGlobalSection
	GlobalSection(Performance) = preSolution
		HasPerformanceSessions = true
	EndGlobalSection
EndGlobal
