<?xml version="1.0" encoding="utf-8"?>
<Project ToolsVersion="4.0" xmlns="http://schemas.microsoft.com/developer/msbuild/2003">
  <ItemGroup>
    <Filter Include="Source Files">
      <UniqueIdentifier>{4FC737F1-C7A5-4376-A066-2A32D752A2FF}</UniqueIdentifier>
      <Extensions>cpp;c;cc;cxx;def;odl;idl;hpj;bat;asm;asmx</Extensions>
    </Filter>
    <Filter Include="Header Files">
      <UniqueIdentifier>{93995380-89BD-4b04-88EB-625FBE52EBFB}</UniqueIdentifier>
      <Extensions>h;hh;hpp;hxx;hm;inl;inc;ipp;xsd</Extensions>
    </Filter>
    <Filter Include="Resource Files">
      <UniqueIdentifier>{67DA6AB6-F800-4c08-8B7A-83BB121AAD01}</UniqueIdentifier>
      <Extensions>rc;ico;cur;bmp;dlg;rc2;rct;bin;rgs;gif;jpg;jpeg;jpe;resx;tiff;tif;png;wav;mfcribbon-ms</Extensions>
    </Filter>
  </ItemGroup>
  <ItemGroup>
    <ClCompile Include="Game\FightingGame\FighterFactory.cpp">
      <Filter>Source Files</Filter>
    </ClCompile>
    <ClCompile Include="Game\FightingGame\FighterFileImporter.cpp">
      <Filter>Source Files</Filter>
    </ClCompile>
    <ClCompile Include="Game\FightingGame\GameStateManager.cpp">
      <Filter>Source Files</Filter>
    </ClCompile>
    <ClCompile Include="Game\FightingGame\InputHandler.cpp">
      <Filter>Source Files</Filter>
    </ClCompile>
    <ClCompile Include="Game\CameraController.cpp">
      <Filter>Source Files</Filter>
    </ClCompile>
    <ClCompile Include="Game\GameBase.cpp">
      <Filter>Source Files</Filter>
    </ClCompile>
    <ClCompile Include="Game\FightingGame\FighterStates\BaseFighterState.cpp">
      <Filter>Source Files</Filter>
    </ClCompile>
    <ClCompile Include="Game\FightingGame\FighterStates\IdleFighterState.cpp">
      <Filter>Source Files</Filter>
    </ClCompile>
    <ClCompile Include="Game\FightingGame\FighterStates\WalkingFighterState.cpp">
      <Filter>Source Files</Filter>
    </ClCompile>
    <ClCompile Include="Game\FightingGame\FighterStates\JumpingFighterState.cpp">
      <Filter>Source Files</Filter>
    </ClCompile>
    <ClCompile Include="Game\FightingGame\FighterStates\AttackingFighterState.cpp">
      <Filter>Source Files</Filter>
    </ClCompile>
    <ClCompile Include="Game\FightingGame\FighterStates\HitFighterState.cpp">
      <Filter>Source Files</Filter>
    </ClCompile>
    <ClCompile Include="Game\FightingGame\FighterStates\CrouchingFighterState.cpp">
      <Filter>Source Files</Filter>
    </ClCompile>
    <ClCompile Include="Game\FightingGame\FighterStates\BlockingFighterState.cpp">
      <Filter>Source Files</Filter>
    </ClCompile>
    <ClCompile Include="Game\FightingGame\FighterStates\JumpingAttackFighterState.cpp">
      <Filter>Source Files</Filter>
    </ClCompile>
    <ClCompile Include="Game\FightingGame\AppStates\CharacterSelectAppState.cpp">
      <Filter>Source Files</Filter>
    </ClCompile>
    <ClCompile Include="Game\FightingGame\AppStates\FightingAppState.cpp">
      <Filter>Source Files</Filter>
    </ClCompile>
    <ClCompile Include="Game\FightingGame\FighterSandbox\AttackBase.cpp">
      <Filter>Source Files</Filter>
    </ClCompile>
    <ClCompile Include="Game\FightingGame\ControllableCameraBehavior.cpp">
      <Filter>Source Files</Filter>
    </ClCompile>
    <ClCompile Include="Game\FightingGame\Fighter\Fighter.cpp">
      <Filter>Source Files</Filter>
    </ClCompile>
    <ClCompile Include="Game\FightingGame\ArenaFloorBehavior.cpp">
      <Filter>Source Files</Filter>
    </ClCompile>
    <ClCompile Include="Game\FightingGame\ArenaWallBehavior.cpp">
      <Filter>Source Files</Filter>
    </ClCompile>
  </ItemGroup>
  <ItemGroup>
    <ClInclude Include="Game\FightingGame\FighterFactory.h">
      <Filter>Header Files</Filter>
    </ClInclude>
    <ClInclude Include="Game\FightingGame\FighterFileImporter.h">
      <Filter>Header Files</Filter>
    </ClInclude>
    <ClInclude Include="Game\FightingGame\GameStateManager.h">
      <Filter>Header Files</Filter>
    </ClInclude>
    <ClInclude Include="Game\FightingGame\InputHandler.h">
      <Filter>Header Files</Filter>
    </ClInclude>
    <ClInclude Include="Game\CameraController.h">
      <Filter>Header Files</Filter>
    </ClInclude>
    <ClInclude Include="Game\GameBase.h">
      <Filter>Header Files</Filter>
    </ClInclude>
    <ClInclude Include="Game\FightingGame\FighterStates\BaseFighterState.h">
      <Filter>Header Files</Filter>
    </ClInclude>
    <ClInclude Include="Game\FightingGame\FighterStates\IdleFighterState.h">
      <Filter>Header Files</Filter>
    </ClInclude>
    <ClInclude Include="Game\FightingGame\FighterStates\WalkingFighterState.h">
      <Filter>Header Files</Filter>
    </ClInclude>
    <ClInclude Include="Game\FightingGame\FighterStates\JumpingFighterState.h">
      <Filter>Header Files</Filter>
    </ClInclude>
    <ClInclude Include="Game\FightingGame\FighterStates\AttackingFighterState.h">
      <Filter>Header Files</Filter>
    </ClInclude>
    <ClInclude Include="Game\FightingGame\FighterStates\HitFighterState.h">
      <Filter>Header Files</Filter>
    </ClInclude>
    <ClInclude Include="Game\FightingGame\FighterStates\CrouchingFighterState.h">
      <Filter>Header Files</Filter>
    </ClInclude>
    <ClInclude Include="Game\FightingGame\FighterStates\BlockingFighterState.h">
      <Filter>Header Files</Filter>
    </ClInclude>
    <ClInclude Include="Game\FightingGame\FighterStates\JumpingAttackFighterState.h">
      <Filter>Header Files</Filter>
    </ClInclude>
    <ClInclude Include="Game\FightingGame\AppStates\AppState.h">
      <Filter>Header Files</Filter>
    </ClInclude>
    <ClInclude Include="Game\FightingGame\AppStates\CharacterSelectAppState.h">
      <Filter>Header Files</Filter>
    </ClInclude>
    <ClInclude Include="Game\FightingGame\AppStates\FightingAppState.h">
      <Filter>Header Files</Filter>
    </ClInclude>
    <ClInclude Include="Game\FightingGame\FighterSandbox\AttackBase.h">
      <Filter>Header Files</Filter>
    </ClInclude>
    <ClInclude Include="Game\FightingGame\ControllableCameraBehavior.h">
      <Filter>Header Files</Filter>
    </ClInclude>
    <ClInclude Include="Game\FightingGame\Fighter\Fighter.h">
      <Filter>Header Files</Filter>
    </ClInclude>
    <ClInclude Include="Game\FightingGame\Fighter\Hitbox.h">
      <Filter>Header Files</Filter>
    </ClInclude>
    <ClInclude Include="Game\FightingGame\Fighter\Attack.h">
      <Filter>Header Files</Filter>
    </ClInclude>
    <ClInclude Include="Game\FightingGame\ArenaFloorBehavior.h">
      <Filter>Header Files</Filter>
    </ClInclude>
    <ClInclude Include="Game\FightingGame\ArenaWallBehavior.h">
      <Filter>Header Files</Filter>
    </ClInclude>
    <ClInclude Include="Game\FightingGame\Arena.h">
      <Filter>Header Files</Filter>
    </ClInclude>
  </ItemGroup>
  <ItemGroup>
    <None Include="Engine\Settings\EngineSettings.ini" />
    <None Include="shaders\animatedMesh.frag" />
    <None Include="shaders\animatedMesh.vert" />
    <None Include="shaders\imgui.frag" />
    <None Include="shaders\imgui.vert" />
    <None Include="shaders\shader.frag" />
    <None Include="shaders\shader.vert" />
    <None Include="shaders\texturedMeshShader.frag" />
    <None Include="shaders\texturedMeshShader.vert" />
    <None Include="Engine\Settings\KeyMap.ini" />
  </ItemGroup>
</Project>